
Microsoft Visual Studio Solution File, Format Version 12.00
# Visual Studio Version 16
VisualStudioVersion = 16.0.28922.388
MinimumVisualStudioVersion = 10.0.40219.1
Project("{9A19103F-16F7-4668-BE54-9A1E7A4F7556}") = "InvoiceAnalyserLibrary", "InvoiceAnalyserLibrary\InvoiceAnalyserLibrary.csproj", "{42399CBA-50F0-4181-A2CE-CACF113D2B97}"
EndProject
Project("{9A19103F-16F7-4668-BE54-9A1E7A4F7556}") = "InvoiceAnalyserConsole", "InvoiceAnalyserConsole\InvoiceAnalyserConsole.csproj", "{059C7510-8271-4A9F-AB81-4C50E2A37EFF}"
EndProject
Project("{9A19103F-16F7-4668-BE54-9A1E7A4F7556}") = "InvoiceAnalyserLibrary.Tests", "InvoiceAnalyserLibrary.Tests\InvoiceAnalyserLibrary.Tests.csproj", "{DAD91CAF-407D-482C-A4DD-24B22057E0AD}"
EndProject
Project("{FAE04EC0-301F-11D3-BF4B-00C04F79EFBC}") = "InvoiceAnalyserWPF", "InvoiceAnalyserWPF\InvoiceAnalyserWPF.csproj", "{209052F9-BDC1-4F23-8E9E-09DBCF8E9982}"
EndProject
Global
	GlobalSection(SolutionConfigurationPlatforms) = preSolution
		Debug|Any CPU = Debug|Any CPU
		Release|Any CPU = Release|Any CPU
	EndGlobalSection
	GlobalSection(ProjectConfigurationPlatforms) = postSolution
		{42399CBA-50F0-4181-A2CE-CACF113D2B97}.Debug|Any CPU.ActiveCfg = Debug|Any CPU
		{42399CBA-50F0-4181-A2CE-CACF113D2B97}.Debug|Any CPU.Build.0 = Debug|Any CPU
		{42399CBA-50F0-4181-A2CE-CACF113D2B97}.Release|Any CPU.ActiveCfg = Release|Any CPU
		{42399CBA-50F0-4181-A2CE-CACF113D2B97}.Release|Any CPU.Build.0 = Release|Any CPU
		{059C7510-8271-4A9F-AB81-4C50E2A37EFF}.Debug|Any CPU.ActiveCfg = Debug|Any CPU
		{059C7510-8271-4A9F-AB81-4C50E2A37EFF}.Debug|Any CPU.Build.0 = Debug|Any CPU
		{059C7510-8271-4A9F-AB81-4C50E2A37EFF}.Release|Any CPU.ActiveCfg = Release|Any CPU
		{059C7510-8271-4A9F-AB81-4C50E2A37EFF}.Release|Any CPU.Build.0 = Release|Any CPU
		{DAD91CAF-407D-482C-A4DD-24B22057E0AD}.Debug|Any CPU.ActiveCfg = Debug|Any CPU
		{DAD91CAF-407D-482C-A4DD-24B22057E0AD}.Debug|Any CPU.Build.0 = Debug|Any CPU
		{DAD91CAF-407D-482C-A4DD-24B22057E0AD}.Release|Any CPU.ActiveCfg = Release|Any CPU
		{DAD91CAF-407D-482C-A4DD-24B22057E0AD}.Release|Any CPU.Build.0 = Release|Any CPU
		{209052F9-BDC1-4F23-8E9E-09DBCF8E9982}.Debug|Any CPU.ActiveCfg = Debug|Any CPU
		{209052F9-BDC1-4F23-8E9E-09DBCF8E9982}.Debug|Any CPU.Build.0 = Debug|Any CPU
		{209052F9-BDC1-4F23-8E9E-09DBCF8E9982}.Release|Any CPU.ActiveCfg = Release|Any CPU
		{209052F9-BDC1-4F23-8E9E-09DBCF8E9982}.Release|Any CPU.Build.0 = Release|Any CPU
	EndGlobalSection
	GlobalSection(SolutionProperties) = preSolution
		HideSolutionNode = FALSE
	EndGlobalSection
	GlobalSection(ExtensibilityGlobals) = postSolution
		SolutionGuid = {6D531896-D596-4D39-A29C-F1933440BAA9}
	EndGlobalSection
EndGlobal
